
Microsoft Visual Studio Solution File, Format Version 12.00
# Visual Studio Version 17
VisualStudioVersion = 17.5.33502.453
MinimumVisualStudioVersion = 10.0.40219.1
Project("{FAE04EC0-301F-11D3-BF4B-00C04F79EFBC}") = "Proje_Hastane", "Proje_Hastane\Proje_Hastane.csproj", "{006E2AAD-AD8B-4145-A0F9-0493B1570305}"
EndProject
Global
	GlobalSection(SolutionConfigurationPlatforms) = preSolution
		Debug|Any CPU = Debug|Any CPU
		Release|Any CPU = Release|Any CPU
	EndGlobalSection
	GlobalSection(ProjectConfigurationPlatforms) = postSolution
		{006E2AAD-AD8B-4145-A0F9-0493B1570305}.Debug|Any CPU.ActiveCfg = Debug|Any CPU
		{006E2AAD-AD8B-4145-A0F9-0493B1570305}.Debug|Any CPU.Build.0 = Debug|Any CPU
		{006E2AAD-AD8B-4145-A0F9-0493B1570305}.Release|Any CPU.ActiveCfg = Release|Any CPU
		{006E2AAD-AD8B-4145-A0F9-0493B1570305}.Release|Any CPU.Build.0 = Release|Any CPU
	EndGlobalSection
	GlobalSection(SolutionProperties) = preSolution
		HideSolutionNode = FALSE
	EndGlobalSection
	GlobalSection(ExtensibilityGlobals) = postSolution
		SolutionGuid = {3F39AA00-5C7B-4AC8-816A-6566EA229128}
	EndGlobalSection
EndGlobal
